Microsoft Visual Studio Solution File, Format Version 11.00
# Visual Studio 2008

Project("{63800641-B760-58BA-C59F-09A0ACE3F34F}") = "EasyWebCamAR-master", "Assembly-CSharp.csproj", "{0415D2F0-B65E-D333-412F-1908E6D272E1}"
EndProject
Project("{63800641-B760-58BA-C59F-09A0ACE3F34F}") = "EasyWebCamAR-master", "Assembly-CSharp-Editor.csproj", "{F09E4A23-DD07-BBA6-2E95-4EF912AC53F1}"
EndProject
Project("{63800641-B760-58BA-C59F-09A0ACE3F34F}") = "EasyWebCamAR-master", "Assembly-UnityScript-Editor-firstpass.unityproj", "{36559A2F-A8B6-71B9-346C-7BF8F54E219D}"
EndProject
Global
	GlobalSection(SolutionConfigurationPlatforms) = preSolution
		Debug|Any CPU = Debug|Any CPU
		Release|Any CPU = Release|Any CPU
	EndGlobalSection
	GlobalSection(ProjectConfigurationPlatforms) = postSolution
		{0415D2F0-B65E-D333-412F-1908E6D272E1}.Debug|Any CPU.ActiveCfg = Debug|Any CPU
		{0415D2F0-B65E-D333-412F-1908E6D272E1}.Debug|Any CPU.Build.0 = Debug|Any CPU
		{0415D2F0-B65E-D333-412F-1908E6D272E1}.Release|Any CPU.ActiveCfg = Release|Any CPU
		{0415D2F0-B65E-D333-412F-1908E6D272E1}.Release|Any CPU.Build.0 = Release|Any CPU
		{F09E4A23-DD07-BBA6-2E95-4EF912AC53F1}.Debug|Any CPU.ActiveCfg = Debug|Any CPU
		{F09E4A23-DD07-BBA6-2E95-4EF912AC53F1}.Debug|Any CPU.Build.0 = Debug|Any CPU
		{F09E4A23-DD07-BBA6-2E95-4EF912AC53F1}.Release|Any CPU.ActiveCfg = Release|Any CPU
		{F09E4A23-DD07-BBA6-2E95-4EF912AC53F1}.Release|Any CPU.Build.0 = Release|Any CPU
		{36559A2F-A8B6-71B9-346C-7BF8F54E219D}.Debug|Any CPU.ActiveCfg = Debug|Any CPU
		{36559A2F-A8B6-71B9-346C-7BF8F54E219D}.Debug|Any CPU.Build.0 = Debug|Any CPU
		{36559A2F-A8B6-71B9-346C-7BF8F54E219D}.Release|Any CPU.ActiveCfg = Release|Any CPU
		{36559A2F-A8B6-71B9-346C-7BF8F54E219D}.Release|Any CPU.Build.0 = Release|Any CPU
	EndGlobalSection
	GlobalSection(SolutionProperties) = preSolution
		HideSolutionNode = FALSE
	EndGlobalSection
																																																																																																																																																																																GlobalSection(MonoDevelopProperties) = preSolution
=======
<<<<<<< Updated upstream
																																																																																																																																									GlobalSection(MonoDevelopProperties) = preSolution
=======
																																																																																																																																				GlobalSection(MonoDevelopProperties) = preSolution
=======
																																																																																																																							GlobalSection(MonoDevelopProperties) = preSolution
>>>>>>> Stashed changes
>>>>>>> Stashed changes
>>>>>>> Stashed changes
		StartupItem = Assembly-CSharp.csproj
		Policies = $0
		$0.TextStylePolicy = $1
		$1.inheritsSet = null
		$1.scope = text/x-csharp
		$0.CSharpFormattingPolicy = $2
		$2.inheritsSet = Mono
		$2.inheritsScope = text/x-csharp
		$2.scope = text/x-csharp
		$0.TextStylePolicy = $3
		$3.FileWidth = 120
		$3.TabWidth = 4
		$3.EolMarker = Unix
		$3.inheritsSet = Mono
		$3.inheritsScope = text/plain
		$3.scope = text/plain
	EndGlobalSection

EndGlobal
